// !$*UTF8*$!
{
	archiveVersion = 1;
	classes = {
	};
	objectVersion = 55;
	objects = {

/* Begin PBXBuildFile section */
		9B66464228517FC1005E0399 /* PopupWindow.swift in Sources */ = {isa = PBXBuildFile; fileRef = 9B66464128517FC1005E0399 /* PopupWindow.swift */; };
		9B6646472852DB23005E0399 /* CodableExtensions.swift in Sources */ = {isa = PBXBuildFile; fileRef = 9B6646462852DB23005E0399 /* CodableExtensions.swift */; };
		9B6646492852DB59005E0399 /* Utility.swift in Sources */ = {isa = PBXBuildFile; fileRef = 9B6646482852DB59005E0399 /* Utility.swift */; };
		9B66464B2852EBF8005E0399 /* GenerateToken.swift in Sources */ = {isa = PBXBuildFile; fileRef = 9B66464A2852EBF8005E0399 /* GenerateToken.swift */; };
		9B66464D2852F1C3005E0399 /* PopupSelect.swift in Sources */ = {isa = PBXBuildFile; fileRef = 9B66464C2852F1C3005E0399 /* PopupSelect.swift */; };
		9B7D8F6A27F43D4000C683D4 /* AppDelegate.swift in Sources */ = {isa = PBXBuildFile; fileRef = 9B7D8F6927F43D4000C683D4 /* AppDelegate.swift */; };
		9B7D8F6C27F43D4000C683D4 /* SceneDelegate.swift in Sources */ = {isa = PBXBuildFile; fileRef = 9B7D8F6B27F43D4000C683D4 /* SceneDelegate.swift */; };
		9B7D8F6E27F43D4000C683D4 /* ViewController.swift in Sources */ = {isa = PBXBuildFile; fileRef = 9B7D8F6D27F43D4000C683D4 /* ViewController.swift */; };
		9B7D8F7127F43D4100C683D4 /* Main.storyboard in Resources */ = {isa = PBXBuildFile; fileRef = 9B7D8F6F27F43D4100C683D4 /* Main.storyboard */; };
		9B7D8F7327F43D4D00C683D4 /* Assets.xcassets in Resources */ = {isa = PBXBuildFile; fileRef = 9B7D8F7227F43D4D00C683D4 /* Assets.xcassets */; };
		9B7D8F7627F43D4D00C683D4 /* LaunchScreen.storyboard in Resources */ = {isa = PBXBuildFile; fileRef = 9B7D8F7427F43D4D00C683D4 /* LaunchScreen.storyboard */; };
		9B7D8F9127F567A300C683D4 /* PlayerViewController.swift in Sources */ = {isa = PBXBuildFile; fileRef = 9B7D8F9027F567A300C683D4 /* PlayerViewController.swift */; };
		9B85CBF327FAA3A700B7C935 /* AppUtility.swift in Sources */ = {isa = PBXBuildFile; fileRef = 9B85CBF227FAA3A700B7C935 /* AppUtility.swift */; };
		9BF05919287420BE005DB1B6 /* SigmaInteractiveSDK.framework in Frameworks */ = {isa = PBXBuildFile; fileRef = 9BF05918287420BE005DB1B6 /* SigmaInteractiveSDK.framework */; };
		9BF0591D287420F6005DB1B6 /* SigmaInteractiveSDK.framework in Embed Frameworks */ = {isa = PBXBuildFile; fileRef = 9BF0591C287420F6005DB1B6 /* SigmaInteractiveSDK.framework */; settings = {ATTRIBUTES = (CodeSignOnCopy, RemoveHeadersOnCopy, ); }; };
/* End PBXBuildFile section */

/* Begin PBXCopyFilesBuildPhase section */
		9BF0591B287420BE005DB1B6 /* Embed Frameworks */ = {
			isa = PBXCopyFilesBuildPhase;
			buildActionMask = 2147483647;
			dstPath = "";
			dstSubfolderSpec = 10;
			files = (
				9BF0591D287420F6005DB1B6 /* SigmaInteractiveSDK.framework in Embed Frameworks */,
			);
			name = "Embed Frameworks";
			runOnlyForDeploymentPostprocessing = 0;
		};
/* End PBXCopyFilesBuildPhase section */

/* Begin PBXFileReference section */
		9B66464128517FC1005E0399 /* PopupWindow.swift */ = {isa = PBXFileReference; lastKnownFileType = sourcecode.swift; path = PopupWindow.swift; sourceTree = "<group>"; };
		9B6646462852DB23005E0399 /* CodableExtensions.swift */ = {isa = PBXFileReference; lastKnownFileType = sourcecode.swift; path = CodableExtensions.swift; sourceTree = "<group>"; };
		9B6646482852DB59005E0399 /* Utility.swift */ = {isa = PBXFileReference; lastKnownFileType = sourcecode.swift; path = Utility.swift; sourceTree = "<group>"; };
		9B66464A2852EBF8005E0399 /* GenerateToken.swift */ = {isa = PBXFileReference; lastKnownFileType = sourcecode.swift; path = GenerateToken.swift; sourceTree = "<group>"; };
		9B66464C2852F1C3005E0399 /* PopupSelect.swift */ = {isa = PBXFileReference; lastKnownFileType = sourcecode.swift; path = PopupSelect.swift; sourceTree = "<group>"; };
		9B7D8F6627F43D4000C683D4 /* DemoSigmaInteractive.app */ = {isa = PBXFileReference; explicitFileType = wrapper.application; includeInIndex = 0; path = DemoSigmaInteractive.app; sourceTree = BUILT_PRODUCTS_DIR; };
		9B7D8F6927F43D4000C683D4 /* AppDelegate.swift */ = {isa = PBXFileReference; lastKnownFileType = sourcecode.swift; path = AppDelegate.swift; sourceTree = "<group>"; };
		9B7D8F6B27F43D4000C683D4 /* SceneDelegate.swift */ = {isa = PBXFileReference; lastKnownFileType = sourcecode.swift; path = SceneDelegate.swift; sourceTree = "<group>"; };
		9B7D8F6D27F43D4000C683D4 /* ViewController.swift */ = {isa = PBXFileReference; lastKnownFileType = sourcecode.swift; path = ViewController.swift; sourceTree = "<group>"; };
		9B7D8F7027F43D4100C683D4 /* Base */ = {isa = PBXFileReference; lastKnownFileType = file.storyboard; name = Base; path = Base.lproj/Main.storyboard; sourceTree = "<group>"; };
		9B7D8F7227F43D4D00C683D4 /* Assets.xcassets */ = {isa = PBXFileReference; lastKnownFileType = folder.assetcatalog; path = Assets.xcassets; sourceTree = "<group>"; };
		9B7D8F7527F43D4D00C683D4 /* Base */ = {isa = PBXFileReference; lastKnownFileType = file.storyboard; name = Base; path = Base.lproj/LaunchScreen.storyboard; sourceTree = "<group>"; };
		9B7D8F7727F43D4D00C683D4 /* Info.plist */ = {isa = PBXFileReference; lastKnownFileType = text.plist.xml; path = Info.plist; sourceTree = "<group>"; };
		9B7D8F9027F567A300C683D4 /* PlayerViewController.swift */ = {isa = PBXFileReference; lastKnownFileType = sourcecode.swift; path = PlayerViewController.swift; sourceTree = "<group>"; };
		9B85CBF227FAA3A700B7C935 /* AppUtility.swift */ = {isa = PBXFileReference; lastKnownFileType = sourcecode.swift; path = AppUtility.swift; sourceTree = "<group>"; };
		9BF05918287420BE005DB1B6 /* SigmaInteractiveSDK.framework */ = {isa = PBXFileReference; lastKnownFileType = wrapper.framework; name = SigmaInteractiveSDK.framework; path = "../../sdk-interactive-mobile-ios/SigmaInteractiveSDK.framework"; sourceTree = "<group>"; };
		9BF0591C287420F6005DB1B6 /* SigmaInteractiveSDK.framework */ = {isa = PBXFileReference; lastKnownFileType = wrapper.framework; path = SigmaInteractiveSDK.framework; sourceTree = "<group>"; };
/* End PBXFileReference section */

/* Begin PBXFrameworksBuildPhase section */
		9B7D8F6327F43D4000C683D4 /* Frameworks */ = {
			isa = PBXFrameworksBuildPhase;
			buildActionMask = 2147483647;
			files = (
				9BF05919287420BE005DB1B6 /* SigmaInteractiveSDK.framework in Frameworks */,
			);
			runOnlyForDeploymentPostprocessing = 0;
		};
/* End PBXFrameworksBuildPhase section */

/* Begin PBXGroup section */
		9B7D8F5D27F43D4000C683D4 = {
			isa = PBXGroup;
			children = (
				9BF0591C287420F6005DB1B6 /* SigmaInteractiveSDK.framework */,
				9B85CBF227FAA3A700B7C935 /* AppUtility.swift */,
				9B7D8F6827F43D4000C683D4 /* DemoSigmaInteractive */,
				9B7D8F6727F43D4000C683D4 /* Products */,
				9B7D8F8627F43E1F00C683D4 /* Frameworks */,
			);
			sourceTree = "<group>";
		};
		9B7D8F6727F43D4000C683D4 /* Products */ = {
			isa = PBXGroup;
			children = (
				9B7D8F6627F43D4000C683D4 /* DemoSigmaInteractive.app */,
			);
			name = Products;
			sourceTree = "<group>";
		};
		9B7D8F6827F43D4000C683D4 /* DemoSigmaInteractive */ = {
			isa = PBXGroup;
			children = (
				9B7D8F6927F43D4000C683D4 /* AppDelegate.swift */,
				9B7D8F6B27F43D4000C683D4 /* SceneDelegate.swift */,
				9B7D8F6D27F43D4000C683D4 /* ViewController.swift */,
				9B7D8F6F27F43D4100C683D4 /* Main.storyboard */,
				9B7D8F7227F43D4D00C683D4 /* Assets.xcassets */,
				9B7D8F7427F43D4D00C683D4 /* LaunchScreen.storyboard */,
				9B7D8F7727F43D4D00C683D4 /* Info.plist */,
				9B7D8F9027F567A300C683D4 /* PlayerViewController.swift */,
				9B66464128517FC1005E0399 /* PopupWindow.swift */,
				9B6646462852DB23005E0399 /* CodableExtensions.swift */,
				9B6646482852DB59005E0399 /* Utility.swift */,
				9B66464A2852EBF8005E0399 /* GenerateToken.swift */,
				9B66464C2852F1C3005E0399 /* PopupSelect.swift */,
			);
			path = DemoSigmaInteractive;
			sourceTree = "<group>";
		};
		9B7D8F8627F43E1F00C683D4 /* Frameworks */ = {
			isa = PBXGroup;
			children = (
				9BF05918287420BE005DB1B6 /* SigmaInteractiveSDK.framework */,
			);
			name = Frameworks;
			sourceTree = "<group>";
		};
/* End PBXGroup section */

/* Begin PBXNativeTarget section */
		9B7D8F6527F43D4000C683D4 /* DemoSigmaInteractive */ = {
			isa = PBXNativeTarget;
			buildConfigurationList = 9B7D8F7A27F43D4D00C683D4 /* Build configuration list for PBXNativeTarget "DemoSigmaInteractive" */;
			buildPhases = (
				9B7D8F6227F43D4000C683D4 /* Sources */,
				9B7D8F6327F43D4000C683D4 /* Frameworks */,
				9B7D8F6427F43D4000C683D4 /* Resources */,
				9BF0591B287420BE005DB1B6 /* Embed Frameworks */,
			);
			buildRules = (
			);
			dependencies = (
			);
			name = DemoSigmaInteractive;
			packageProductDependencies = (
			);
			productName = DemoSigmaInteractive;
			productReference = 9B7D8F6627F43D4000C683D4 /* DemoSigmaInteractive.app */;
			productType = "com.apple.product-type.application";
		};
/* End PBXNativeTarget section */

/* Begin PBXProject section */
		9B7D8F5E27F43D4000C683D4 /* Project object */ = {
			isa = PBXProject;
			attributes = {
				BuildIndependentTargetsInParallel = 1;
				LastSwiftUpdateCheck = 1320;
				LastUpgradeCheck = 1320;
				TargetAttributes = {
					9B7D8F6527F43D4000C683D4 = {
						CreatedOnToolsVersion = 13.2.1;
					};
				};
			};
			buildConfigurationList = 9B7D8F6127F43D4000C683D4 /* Build configuration list for PBXProject "DemoSigmaInteractive" */;
			compatibilityVersion = "Xcode 13.0";
			developmentRegion = en;
			hasScannedForEncodings = 0;
			knownRegions = (
				en,
				Base,
			);
			mainGroup = 9B7D8F5D27F43D4000C683D4;
			packageReferences = (
			);
			productRefGroup = 9B7D8F6727F43D4000C683D4 /* Products */;
			projectDirPath = "";
			projectRoot = "";
			targets = (
				9B7D8F6527F43D4000C683D4 /* DemoSigmaInteractive */,
			);
		};
/* End PBXProject section */

/* Begin PBXResourcesBuildPhase section */
		9B7D8F6427F43D4000C683D4 /* Resources */ = {
			isa = PBXResourcesBuildPhase;
			buildActionMask = 2147483647;
			files = (
				9B7D8F7627F43D4D00C683D4 /* LaunchScreen.storyboard in Resources */,
				9B7D8F7327F43D4D00C683D4 /* Assets.xcassets in Resources */,
				9B7D8F7127F43D4100C683D4 /* Main.storyboard in Resources */,
			);
			runOnlyForDeploymentPostprocessing = 0;
		};
/* End PBXResourcesBuildPhase section */

/* Begin PBXSourcesBuildPhase section */
		9B7D8F6227F43D4000C683D4 /* Sources */ = {
			isa = PBXSourcesBuildPhase;
			buildActionMask = 2147483647;
			files = (
				9B7D8F6E27F43D4000C683D4 /* ViewController.swift in Sources */,
				9B66464B2852EBF8005E0399 /* GenerateToken.swift in Sources */,
				9B7D8F9127F567A300C683D4 /* PlayerViewController.swift in Sources */,
				9B85CBF327FAA3A700B7C935 /* AppUtility.swift in Sources */,
				9B66464D2852F1C3005E0399 /* PopupSelect.swift in Sources */,
				9B7D8F6A27F43D4000C683D4 /* AppDelegate.swift in Sources */,
				9B6646492852DB59005E0399 /* Utility.swift in Sources */,
				9B66464228517FC1005E0399 /* PopupWindow.swift in Sources */,
				9B7D8F6C27F43D4000C683D4 /* SceneDelegate.swift in Sources */,
				9B6646472852DB23005E0399 /* CodableExtensions.swift in Sources */,
			);
			runOnlyForDeploymentPostprocessing = 0;
		};
/* End PBXSourcesBuildPhase section */

/* Begin PBXVariantGroup section */
		9B7D8F6F27F43D4100C683D4 /* Main.storyboard */ = {
			isa = PBXVariantGroup;
			children = (
				9B7D8F7027F43D4100C683D4 /* Base */,
			);
			name = Main.storyboard;
			sourceTree = "<group>";
		};
		9B7D8F7427F43D4D00C683D4 /* LaunchScreen.storyboard */ = {
			isa = PBXVariantGroup;
			children = (
				9B7D8F7527F43D4D00C683D4 /* Base */,
			);
			name = LaunchScreen.storyboard;
			sourceTree = "<group>";
		};
/* End PBXVariantGroup section */

/* Begin XCBuildConfiguration section */
		9B7D8F7827F43D4D00C683D4 /* Debug */ = {
			isa = XCBuildConfiguration;
			buildSettings = {
				ALWAYS_SEARCH_USER_PATHS = NO;
				CLANG_ANALYZER_NONNULL = YES;
				CLANG_ANALYZER_NUMBER_OBJECT_CONVERSION = YES_AGGRESSIVE;
				CLANG_CXX_LANGUAGE_STANDARD = "gnu++17";
				CLANG_CXX_LIBRARY = "libc++";
				CLANG_ENABLE_MODULES = YES;
				CLANG_ENABLE_OBJC_ARC = YES;
				CLANG_ENABLE_OBJC_WEAK = YES;
				CLANG_WARN_BLOCK_CAPTURE_AUTORELEASING = YES;
				CLANG_WARN_BOOL_CONVERSION = YES;
				CLANG_WARN_COMMA = YES;
				CLANG_WARN_CONSTANT_CONVERSION = YES;
				CLANG_WARN_DEPRECATED_OBJC_IMPLEMENTATIONS = YES;
				CLANG_WARN_DIRECT_OBJC_ISA_USAGE = YES_ERROR;
				CLANG_WARN_DOCUMENTATION_COMMENTS = YES;
				CLANG_WARN_EMPTY_BODY = YES;
				CLANG_WARN_ENUM_CONVERSION = YES;
				CLANG_WARN_INFINITE_RECURSION = YES;
				CLANG_WARN_INT_CONVERSION = YES;
				CLANG_WARN_NON_LITERAL_NULL_CONVERSION = YES;
				CLANG_WARN_OBJC_IMPLICIT_RETAIN_SELF = YES;
				CLANG_WARN_OBJC_LITERAL_CONVERSION = YES;
				CLANG_WARN_OBJC_ROOT_CLASS = YES_ERROR;
				CLANG_WARN_QUOTED_INCLUDE_IN_FRAMEWORK_HEADER = YES;
				CLANG_WARN_RANGE_LOOP_ANALYSIS = YES;
				CLANG_WARN_STRICT_PROTOTYPES = YES;
				CLANG_WARN_SUSPICIOUS_MOVE = YES;
				CLANG_WARN_UNGUARDED_AVAILABILITY = YES_AGGRESSIVE;
				CLANG_WARN_UNREACHABLE_CODE = YES;
				CLANG_WARN__DUPLICATE_METHOD_MATCH = YES;
				COPY_PHASE_STRIP = NO;
				DEBUG_INFORMATION_FORMAT = dwarf;
				ENABLE_STRICT_OBJC_MSGSEND = YES;
				ENABLE_TESTABILITY = YES;
				GCC_C_LANGUAGE_STANDARD = gnu11;
				GCC_DYNAMIC_NO_PIC = NO;
				GCC_NO_COMMON_BLOCKS = YES;
				GCC_OPTIMIZATION_LEVEL = 0;
				GCC_PREPROCESSOR_DEFINITIONS = (
					"DEBUG=1",
					"$(inherited)",
				);
				GCC_WARN_64_TO_32_BIT_CONVERSION = YES;
				GCC_WARN_ABOUT_RETURN_TYPE = YES_ERROR;
				GCC_WARN_UNDECLARED_SELECTOR = YES;
				GCC_WARN_UNINITIALIZED_AUTOS = YES_AGGRESSIVE;
				GCC_WARN_UNUSED_FUNCTION = YES;
				GCC_WARN_UNUSED_VARIABLE = YES;
				IPHONEOS_DEPLOYMENT_TARGET = 15.0;
				MTL_ENABLE_DEBUG_INFO = INCLUDE_SOURCE;
				MTL_FAST_MATH = YES;
				ONLY_ACTIVE_ARCH = YES;
				SDKROOT = iphoneos;
				SWIFT_ACTIVE_COMPILATION_CONDITIONS = DEBUG;
				SWIFT_OPTIMIZATION_LEVEL = "-Onone";
				VALIDATE_WORKSPACE = YES;
			};
			name = Debug;
		};
		9B7D8F7927F43D4D00C683D4 /* Release */ = {
			isa = XCBuildConfiguration;
			buildSettings = {
				ALWAYS_SEARCH_USER_PATHS = NO;
				CLANG_ANALYZER_NONNULL = YES;
				CLANG_ANALYZER_NUMBER_OBJECT_CONVERSION = YES_AGGRESSIVE;
				CLANG_CXX_LANGUAGE_STANDARD = "gnu++17";
				CLANG_CXX_LIBRARY = "libc++";
				CLANG_ENABLE_MODULES = YES;
				CLANG_ENABLE_OBJC_ARC = YES;
				CLANG_ENABLE_OBJC_WEAK = YES;
				CLANG_WARN_BLOCK_CAPTURE_AUTORELEASING = YES;
				CLANG_WARN_BOOL_CONVERSION = YES;
				CLANG_WARN_COMMA = YES;
				CLANG_WARN_CONSTANT_CONVERSION = YES;
				CLANG_WARN_DEPRECATED_OBJC_IMPLEMENTATIONS = YES;
				CLANG_WARN_DIRECT_OBJC_ISA_USAGE = YES_ERROR;
				CLANG_WARN_DOCUMENTATION_COMMENTS = YES;
				CLANG_WARN_EMPTY_BODY = YES;
				CLANG_WARN_ENUM_CONVERSION = YES;
				CLANG_WARN_INFINITE_RECURSION = YES;
				CLANG_WARN_INT_CONVERSION = YES;
				CLANG_WARN_NON_LITERAL_NULL_CONVERSION = YES;
				CLANG_WARN_OBJC_IMPLICIT_RETAIN_SELF = YES;
				CLANG_WARN_OBJC_LITERAL_CONVERSION = YES;
				CLANG_WARN_OBJC_ROOT_CLASS = YES_ERROR;
				CLANG_WARN_QUOTED_INCLUDE_IN_FRAMEWORK_HEADER = YES;
				CLANG_WARN_RANGE_LOOP_ANALYSIS = YES;
				CLANG_WARN_STRICT_PROTOTYPES = YES;
				CLANG_WARN_SUSPICIOUS_MOVE = YES;
				CLANG_WARN_UNGUARDED_AVAILABILITY = YES_AGGRESSIVE;
				CLANG_WARN_UNREACHABLE_CODE = YES;
				CLANG_WARN__DUPLICATE_METHOD_MATCH = YES;
				COPY_PHASE_STRIP = NO;
				DEBUG_INFORMATION_FORMAT = "dwarf-with-dsym";
				ENABLE_NS_ASSERTIONS = NO;
				ENABLE_STRICT_OBJC_MSGSEND = YES;
				GCC_C_LANGUAGE_STANDARD = gnu11;
				GCC_NO_COMMON_BLOCKS = YES;
				GCC_WARN_64_TO_32_BIT_CONVERSION = YES;
				GCC_WARN_ABOUT_RETURN_TYPE = YES_ERROR;
				GCC_WARN_UNDECLARED_SELECTOR = YES;
				GCC_WARN_UNINITIALIZED_AUTOS = YES_AGGRESSIVE;
				GCC_WARN_UNUSED_FUNCTION = YES;
				GCC_WARN_UNUSED_VARIABLE = YES;
				IPHONEOS_DEPLOYMENT_TARGET = 15.0;
				MTL_ENABLE_DEBUG_INFO = NO;
				MTL_FAST_MATH = YES;
				SDKROOT = iphoneos;
				SWIFT_COMPILATION_MODE = wholemodule;
				SWIFT_OPTIMIZATION_LEVEL = "-O";
				VALIDATE_PRODUCT = YES;
				VALIDATE_WORKSPACE = YES;
			};
			name = Release;
		};
		9B7D8F7B27F43D4D00C683D4 /* Debug */ = {
			isa = XCBuildConfiguration;
			buildSettings = {
				ASSETCATALOG_COMPILER_APPICON_NAME = AppIcon;
				ASSETCATALOG_COMPILER_GLOBAL_ACCENT_COLOR_NAME = AccentColor;
				CODE_SIGN_IDENTITY = "Apple Development";
				CODE_SIGN_STYLE = Automatic;
				CURRENT_PROJECT_VERSION = 1;
				DEVELOPMENT_TEAM = QDX5365AY6;
				"EXCLUDED_ARCHS[sdk=iphonesimulator*]" = "arm64, arm64e, armv7";
				FRAMEWORK_SEARCH_PATHS = (
					"$(inherited)",
					"$(PROJECT_DIR)",
					"$(SRCROOT)",
				);
				GENERATE_INFOPLIST_FILE = YES;
				INFOPLIST_FILE = DemoSigmaInteractive/Info.plist;
				INFOPLIST_KEY_UIApplicationSupportsIndirectInputEvents = YES;
				INFOPLIST_KEY_UILaunchStoryboardName = LaunchScreen;
				INFOPLIST_KEY_UIMainStoryboardFile = Main;
				INFOPLIST_KEY_UIRequiresFullScreen = YES;
				INFOPLIST_KEY_UISupportedInterfaceOrientations = "UIInterfaceOrientationPortrait UIInterfaceOrientationPortraitUpsideDown UIInterfaceOrientationLandscapeLeft UIInterfaceOrientationLandscapeRight";
				INFOPLIST_KEY_UISupportedInterfaceOrientations_iPad = "UIInterfaceOrientationPortrait UIInterfaceOrientationPortraitUpsideDown UIInterfaceOrientationLandscapeLeft UIInterfaceOrientationLandscapeRight";
				INFOPLIST_KEY_UISupportedInterfaceOrientations_iPhone = "UIInterfaceOrientationPortrait UIInterfaceOrientationLandscapeLeft UIInterfaceOrientationLandscapeRight";
				IPHONEOS_DEPLOYMENT_TARGET = 13.0;
				LD_RUNPATH_SEARCH_PATHS = (
					"$(inherited)",
					"@executable_path/Frameworks",
				);
				MARKETING_VERSION = 1.0;
				PRODUCT_BUNDLE_IDENTIFIER = com.sigma.td.demo.DemoSigmaInteractive;
				PRODUCT_NAME = "$(TARGET_NAME)";
				PROVISIONING_PROFILE_SPECIFIER = "";
				SWIFT_EMIT_LOC_STRINGS = YES;
				SWIFT_VERSION = 5.0;
				TARGETED_DEVICE_FAMILY = "1,2";
			};
			name = Debug;
		};
		9B7D8F7C27F43D4D00C683D4 /* Release */ = {
			isa = XCBuildConfiguration;
			buildSettings = {
				ASSETCATALOG_COMPILER_APPICON_NAME = AppIcon;
				ASSETCATALOG_COMPILER_GLOBAL_ACCENT_COLOR_NAME = AccentColor;
				CODE_SIGN_IDENTITY = "Apple Development";
				CODE_SIGN_STYLE = Automatic;
				CURRENT_PROJECT_VERSION = 1;
				DEVELOPMENT_TEAM = QDX5365AY6;
				FRAMEWORK_SEARCH_PATHS = (
					"$(inherited)",
					"$(PROJECT_DIR)",
					"$(SRCROOT)",
				);
				GENERATE_INFOPLIST_FILE = YES;
				INFOPLIST_FILE = DemoSigmaInteractive/Info.plist;
				INFOPLIST_KEY_UIApplicationSupportsIndirectInputEvents = YES;
				INFOPLIST_KEY_UILaunchStoryboardName = LaunchScreen;
				INFOPLIST_KEY_UIMainStoryboardFile = Main;
				INFOPLIST_KEY_UIRequiresFullScreen = YES;
				INFOPLIST_KEY_UISupportedInterfaceOrientations = "UIInterfaceOrientationPortrait UIInterfaceOrientationPortraitUpsideDown UIInterfaceOrientationLandscapeLeft UIInterfaceOrientationLandscapeRight";
				INFOPLIST_KEY_UISupportedInterfaceOrientations_iPad = "UIInterfaceOrientationPortrait UIInterfaceOrientationPortraitUpsideDown UIInterfaceOrientationLandscapeLeft UIInterfaceOrientationLandscapeRight";
				INFOPLIST_KEY_UISupportedInterfaceOrientations_iPhone = "UIInterfaceOrientationPortrait UIInterfaceOrientationLandscapeLeft UIInterfaceOrientationLandscapeRight";
				IPHONEOS_DEPLOYMENT_TARGET = 13.0;
				LD_RUNPATH_SEARCH_PATHS = (
					"$(inherited)",
					"@executable_path/Frameworks",
				);
				MARKETING_VERSION = 1.0;
				PRODUCT_BUNDLE_IDENTIFIER = com.sigma.td.demo.DemoSigmaInteractive;
				PRODUCT_NAME = "$(TARGET_NAME)";
				PROVISIONING_PROFILE_SPECIFIER = "";
				SWIFT_EMIT_LOC_STRINGS = YES;
				SWIFT_VERSION = 5.0;
				TARGETED_DEVICE_FAMILY = "1,2";
			};
			name = Release;
		};
/* End XCBuildConfiguration section */

/* Begin XCConfigurationList section */
		9B7D8F6127F43D4000C683D4 /* Build configuration list for PBXProject "DemoSigmaInteractive" */ = {
			isa = XCConfigurationList;
			buildConfigurations = (
				9B7D8F7827F43D4D00C683D4 /* Debug */,
				9B7D8F7927F43D4D00C683D4 /* Release */,
			);
			defaultConfigurationIsVisible = 0;
			defaultConfigurationName = Release;
		};
		9B7D8F7A27F43D4D00C683D4 /* Build configuration list for PBXNativeTarget "DemoSigmaInteractive" */ = {
			isa = XCConfigurationList;
			buildConfigurations = (
				9B7D8F7B27F43D4D00C683D4 /* Debug */,
				9B7D8F7C27F43D4D00C683D4 /* Release */,
			);
			defaultConfigurationIsVisible = 0;
			defaultConfigurationName = Release;
		};
/* End XCConfigurationList section */
	};
	rootObject = 9B7D8F5E27F43D4000C683D4 /* Project object */;
}
